# THIS IS AN AUTOGENERATED FILE. DO NOT EDIT THIS FILE DIRECTLY.
# yarn lockfile v1


"@babel/parser@^7.24.1":
  version "7.24.4"
  resolved "https://registry.yarnpkg.com/@babel/parser/-/parser-7.24.4.tgz#234487a110d89ad5a3ed4a8a566c36b9453e8c88"
  integrity sha512-zTvEBcghmeBma9QIGunWevvBAp4/Qu9Bdq+2k0Ot4fVMD6v3dsC9WOcRSKk7tRRyBM/53yKMJko9xOatGQAwSg==

"@jridgewell/sourcemap-codec@^1.4.15":
  version "1.4.15"
  resolved "https://registry.yarnpkg.com/@jridgewell/sourcemap-codec/-/sourcemap-codec-1.4.15.tgz#d7c6e6755c78567a951e04ab52ef0fd26de59f32"
  integrity sha512-eF2rxCRulEKXHTRiDrDy6erMYWqNw4LPdQ8UQA4huuxaQsVeRPFl2oM8oDGxMFhJUWZf9McpLtJasDDZb/Bpeg==

"@vue/compiler-core@3.4.22":
  version "3.4.22"
  resolved "https://registry.yarnpkg.com/@vue/compiler-core/-/compiler-core-3.4.22.tgz#f34a1cc29fc84fe56935352b2617b1afa4b0e27b"
  integrity sha512-FBDRCBE/rFPA8OfTUrARx2c49N7zoImlGT7hsFikv0pZxQlFhffQwewpEXaLynZW0/DspVXmNA+QQ9dXINpWmg==
  dependencies:
    "@babel/parser" "^7.24.1"
    "@vue/shared" "3.4.22"
    entities "^4.5.0"
    estree-walker "^2.0.2"
    source-map-js "^1.2.0"

"@vue/compiler-dom@3.4.22":
  version "3.4.22"
  resolved "https://registry.yarnpkg.com/@vue/compiler-dom/-/compiler-dom-3.4.22.tgz#e628fb3774d07229817400a107f2ed036ecfc43e"
  integrity sha512-YkAS+jZc6Ip360kT3lZbMQZteiYBbHDSVKr94Jdd8Zjr7VjSkkXKAFFR/FW+2tNtBYXOps6xrWlOquy3GeYB0w==
  dependencies:
    "@vue/compiler-core" "3.4.22"
    "@vue/shared" "3.4.22"

"@vue/compiler-sfc@3.4.22":
  version "3.4.22"
  resolved "https://registry.yarnpkg.com/@vue/compiler-sfc/-/compiler-sfc-3.4.22.tgz#699cf372c8fff4bab6003dd9d4c50ba379242c99"
  integrity sha512-Pncp5Vc8E2Ef1o5uveO8WA1IqM7rt0R1jN8D4qitQYOUxC97iITGYA8oMInQ3UcDS7ip+SegyA2HbAEB4V6NMQ==
  dependencies:
    "@babel/parser" "^7.24.1"
    "@vue/compiler-core" "3.4.22"
    "@vue/compiler-dom" "3.4.22"
    "@vue/compiler-ssr" "3.4.22"
    "@vue/shared" "3.4.22"
    estree-walker "^2.0.2"
    magic-string "^0.30.8"
    postcss "^8.4.38"
    source-map-js "^1.2.0"

"@vue/compiler-ssr@3.4.22":
  version "3.4.22"
  resolved "https://registry.yarnpkg.com/@vue/compiler-ssr/-/compiler-ssr-3.4.22.tgz#b84127c159a887bff1b7e2ab5c8ec41a759edb06"
  integrity sha512-ycb2sL0SW6AkgVMrvaU/TIAEk7FQWyv/oYya44E/V9xURM+ij9Oev5bVobSS7GLJzkUieWW3SrYcK/PZpb5i4A==
  dependencies:
    "@vue/compiler-dom" "3.4.22"
    "@vue/shared" "3.4.22"

"@vue/reactivity@3.4.22":
  version "3.4.22"
  resolved "https://registry.yarnpkg.com/@vue/reactivity/-/reactivity-3.4.22.tgz#5e83b6505b4d8382de5a9231e903599675d121cb"
  integrity sha512-+golHRRfcGoahBrhoTauFNIIAhxntRV3BI8HHqVvCdsuWivxW1MI0E9AOXVsz4H/ZlWM1ahudWTX6PhUrNR2yQ==
  dependencies:
    "@vue/shared" "3.4.22"

"@vue/runtime-core@3.4.22":
  version "3.4.22"
  resolved "https://registry.yarnpkg.com/@vue/runtime-core/-/runtime-core-3.4.22.tgz#924ca0c933945c8e8822281a6140fae967813db9"
  integrity sha512-cbA8lcL4g1907EdY1a1KmP5IRWfbqjgBRcgJPkF//yn96XSC1/VAJBZiAGLiyw0P77Rw2Ao7d9U51vU1GC6yUQ==
  dependencies:
    "@vue/reactivity" "3.4.22"
    "@vue/shared" "3.4.22"

"@vue/runtime-dom@3.4.22":
  version "3.4.22"
  resolved "https://registry.yarnpkg.com/@vue/runtime-dom/-/runtime-dom-3.4.22.tgz#704e67c2bbf0cdb0c87dfe8d04a6cbc9709f5b9f"
  integrity sha512-AXxRHrFkLX1y2+70CO2wDKRxW0WZcQKTOXS31AK+jZ1RLPtI6sEHVpYNfyE9WgbgXOqPtX4gfIfuoFYi8iCu2w==
  dependencies:
    "@vue/runtime-core" "3.4.22"
    "@vue/shared" "3.4.22"
    csstype "^3.1.3"

"@vue/server-renderer@3.4.22":
  version "3.4.22"
  resolved "https://registry.yarnpkg.com/@vue/server-renderer/-/server-renderer-3.4.22.tgz#bd0bf0f7bf3366d214b7407cfd3a8451b084ce58"
  integrity sha512-okiNxiCOhJlx6IOrTZvhIVwf2UYKay0hnIPqWu4h19bkNv1gmG4Ic6U3zXY287AWF26lQuFMa515Qzc+R0aAYg==
  dependencies:
    "@vue/compiler-ssr" "3.4.22"
    "@vue/shared" "3.4.22"

"@vue/shared@3.4.22":
  version "3.4.22"
  resolved "https://registry.yarnpkg.com/@vue/shared/-/shared-3.4.22.tgz#74ef61b66a129905f84dce2e58b901208368af1e"
  integrity sha512-cg7R9XNk4ovV3bKka/1a464O2oY0l5Fyt0rwGR4hSJRPjUJ0WVjrPdsr4W0JbUriwiM8EKcCcCjeKN5pRMs2Zg==

csstype@^3.1.3:
  version "3.1.3"
  resolved "https://registry.yarnpkg.com/csstype/-/csstype-3.1.3.tgz#d80ff294d114fb0e6ac500fbf85b60137d7eff81"
  integrity sha512-M1uQkMl8rQK/szD0LNhtqxIPLpimGm8sOBwU7lLnCpSbTyY3yeU1Vc7l4KT5zT4s/yOxHH5O7tIuuLOCnLADRw==

entities@^4.5.0:
  version "4.5.0"
  resolved "https://registry.yarnpkg.com/entities/-/entities-4.5.0.tgz#5d268ea5e7113ec74c4d033b79ea5a35a488fb48"
  integrity sha512-V0hjH4dGPh9Ao5p0MoRY6BVqtwCjhz6vI5LT8AJ55H+4g9/4vbHx1I54fS0XuclLhDHArPQCiMjDxjaL8fPxhw==

estree-walker@^2.0.2:
  version "2.0.2"
  resolved "https://registry.yarnpkg.com/estree-walker/-/estree-walker-2.0.2.tgz#52f010178c2a4c117a7757cfe942adb7d2da4cac"
  integrity sha512-Rfkk/Mp/DL7JVje3u18FxFujQlTNR2q6QfMSMB7AvCBx91NGj/ba3kCfza0f6dVDbw7YlRf/nDrn7pQrCCyQ/w==

magic-string@^0.30.8:
  version "0.30.9"
  resolved "https://registry.yarnpkg.com/magic-string/-/magic-string-0.30.9.tgz#8927ae21bfdd856310e07a1bc8dd5e73cb6c251d"
  integrity sha512-S1+hd+dIrC8EZqKyT9DstTH/0Z+f76kmmvZnkfQVmOpDEF9iVgdYif3Q/pIWHmCoo59bQVGW0kVL3e2nl+9+Sw==
  dependencies:
    "@jridgewell/sourcemap-codec" "^1.4.15"

nanoid@^3.3.7:
  version "3.3.7"
  resolved "https://registry.yarnpkg.com/nanoid/-/nanoid-3.3.7.tgz#d0c301a691bc8d54efa0a2226ccf3fe2fd656bd8"
  integrity sha512-eSRppjcPIatRIMC1U6UngP8XFcz8MQWGQdt1MTBQ7NaAmvXDfvNxbvWV3x2y6CdEUciCSsDHDQZbhYaB8QEo2g==

picocolors@^1.0.0:
  version "1.0.0"
  resolved "https://registry.yarnpkg.com/picocolors/-/picocolors-1.0.0.tgz#cb5bdc74ff3f51892236eaf79d68bc44564ab81c"
  integrity sha512-1fygroTLlHu66zi26VoTDv8yRgm0Fccecssto+MhsZ0D/DGW2sm8E8AjW7NU5VVTRt5GxbeZ5qBuJr+HyLYkjQ==

postcss@^8.4.38:
  version "8.4.38"
  resolved "https://registry.yarnpkg.com/postcss/-/postcss-8.4.38.tgz#b387d533baf2054288e337066d81c6bee9db9e0e"
  integrity sha512-Wglpdk03BSfXkHoQa3b/oulrotAkwrlLDRSOb9D0bN86FdRyE9lppSp33aHNPgBa0JKCoB+drFLZkQoRRYae5A==
  dependencies:
    nanoid "^3.3.7"
    picocolors "^1.0.0"
    source-map-js "^1.2.0"

source-map-js@^1.2.0:
  version "1.2.0"
  resolved "https://registry.yarnpkg.com/source-map-js/-/source-map-js-1.2.0.tgz#16b809c162517b5b8c3e7dcd315a2a5c2612b2af"
  integrity sha512-itJW8lvSA0TXEphiRoawsCksnlf8SyvmFzIhltqAHluXd88pkCd+cXJVHTDwdCr0IzwptSm035IHQktUu1QUMg==

vue@>=2.7.8:
  version "3.4.22"
  resolved "https://registry.yarnpkg.com/vue/-/vue-3.4.22.tgz#3f498309ef464b44d00471dcae251d1382bf0c0b"
  integrity sha512-CIx7NiP+n5WHBCG/fDNaUPP4qbQ5CIa8XIHZE3HpfS/rb2vmSIsp74BxsZyrrGKF0vHW3GoToqP3l0hzrMTecw==
  dependencies:
    "@vue/compiler-dom" "3.4.22"
    "@vue/compiler-sfc" "3.4.22"
    "@vue/runtime-dom" "3.4.22"
    "@vue/server-renderer" "3.4.22"
    "@vue/shared" "3.4.22"
